
Microsoft Visual Studio Solution File, Format Version 12.00
# Visual Studio 15
VisualStudioVersion = 15.0.28307.421
MinimumVisualStudioVersion = 10.0.40219.1
Project("{FAE04EC0-301F-11D3-BF4B-00C04F79EFBC}") = "Bolnica", "Bolnica\Bolnica.csproj", "{B2FC15A9-619A-4725-B9BB-54C31C641470}"
EndProject
Global
	GlobalSection(SolutionConfigurationPlatforms) = preSolution
		Debug|Any CPU = Debug|Any CPU
		Release|Any CPU = Release|Any CPU
	EndGlobalSection
	GlobalSection(ProjectConfigurationPlatforms) = postSolution
		{B2FC15A9-619A-4725-B9BB-54C31C641470}.Debug|Any CPU.ActiveCfg = Debug|Any CPU
		{B2FC15A9-619A-4725-B9BB-54C31C641470}.Debug|Any CPU.Build.0 = Debug|Any CPU
		{B2FC15A9-619A-4725-B9BB-54C31C641470}.Release|Any CPU.ActiveCfg = Release|Any CPU
		{B2FC15A9-619A-4725-B9BB-54C31C641470}.Release|Any CPU.Build.0 = Release|Any CPU
	EndGlobalSection
	GlobalSection(SolutionProperties) = preSolution
		HideSolutionNode = FALSE
	EndGlobalSection
	GlobalSection(ExtensibilityGlobals) = postSolution
		SolutionGuid = {1BB1863C-F1FB-4A00-B214-B2E1160C91E5}
	EndGlobalSection
EndGlobal
